
Microsoft Visual Studio Solution File, Format Version 12.00
# Visual Studio Version 16
VisualStudioVersion = 16.0.31702.278
MinimumVisualStudioVersion = 10.0.40219.1
Project("{FAE04EC0-301F-11D3-BF4B-00C04F79EFBC}") = "HomeWork2.7.1", "HomeWork2.7.1\HomeWork2.7.1.csproj", "{77371E04-81E0-4EC6-AE58-D19038120CEA}"
EndProject
Global
	GlobalSection(SolutionConfigurationPlatforms) = preSolution
		Debug|Any CPU = Debug|Any CPU
		Release|Any CPU = Release|Any CPU
	EndGlobalSection
	GlobalSection(ProjectConfigurationPlatforms) = postSolution
		{77371E04-81E0-4EC6-AE58-D19038120CEA}.Debug|Any CPU.ActiveCfg = Debug|Any CPU
		{77371E04-81E0-4EC6-AE58-D19038120CEA}.Debug|Any CPU.Build.0 = Debug|Any CPU
		{77371E04-81E0-4EC6-AE58-D19038120CEA}.Release|Any CPU.ActiveCfg = Release|Any CPU
		{77371E04-81E0-4EC6-AE58-D19038120CEA}.Release|Any CPU.Build.0 = Release|Any CPU
	EndGlobalSection
	GlobalSection(SolutionProperties) = preSolution
		HideSolutionNode = FALSE
	EndGlobalSection
	GlobalSection(ExtensibilityGlobals) = postSolution
		SolutionGuid = {B6150C8A-7BFC-44C8-9EF5-7085496D70B2}
	EndGlobalSection
EndGlobal
